results/spades_out/gao1/scaffolds.fasta
results/spades_out/gao2/scaffolds.fasta
results/spades_out/gao3/scaffolds.fasta
results/spades_out/gao4/scaffolds.fasta
results/spades_out/gao5/scaffolds.fasta
results/quast_out/spades/gao1/report.html
results/quast_out/spades/gao2/report.html
results/quast_out/spades/gao3/report.html
results/quast_out/spades/gao4/report.html
results/quast_out/spades/gao5/report.html
results/quast_out/multiqc_report.html
results/fastp_out/gao1/gao1.fastp.r1.fastq.gz
results/fastp_out/gao1/gao1.fastp.r2.fastq.gz
/projects/b1052/mckenna/cando-meta/gaohan/raw_reads/SRR5576001_1.fastq.gz
/projects/b1052/mckenna/cando-meta/gaohan/raw_reads/SRR5576001_2.fastq.gz
results/fastp_out/gao2/gao2.fastp.r1.fastq.gz
results/fastp_out/gao2/gao2.fastp.r2.fastq.gz
/projects/b1052/mckenna/cando-meta/gaohan/raw_reads/SRR5576002_1.fastq.gz
/projects/b1052/mckenna/cando-meta/gaohan/raw_reads/SRR5576002_2.fastq.gz
results/fastp_out/gao3/gao3.fastp.r1.fastq.gz
results/fastp_out/gao3/gao3.fastp.r2.fastq.gz
/projects/b1052/mckenna/cando-meta/gaohan/raw_reads/SRR5576003_1.fastq.gz
/projects/b1052/mckenna/cando-meta/gaohan/raw_reads/SRR5576003_2.fastq.gz
results/fastp_out/gao4/gao4.fastp.r1.fastq.gz
results/fastp_out/gao4/gao4.fastp.r2.fastq.gz
/projects/b1052/mckenna/cando-meta/gaohan/raw_reads/SRR5576004_1.fastq.gz
/projects/b1052/mckenna/cando-meta/gaohan/raw_reads/SRR5576004_2.fastq.gz
results/fastp_out/gao5/gao5.fastp.r1.fastq.gz
results/fastp_out/gao5/gao5.fastp.r2.fastq.gz
/projects/b1052/mckenna/cando-meta/gaohan/raw_reads/SRR5576005_1.fastq.gz
/projects/b1052/mckenna/cando-meta/gaohan/raw_reads/SRR5576005_2.fastq.gz
results/spades_out/gao1/scaffolds.fasta
results/spades_out/gao2/scaffolds.fasta
results/spades_out/gao3/scaffolds.fasta
results/spades_out/gao4/scaffolds.fasta
results/spades_out/gao5/scaffolds.fasta
results/quast_out/spades/gao1/report.html
results/quast_out/spades/gao2/report.html
results/quast_out/spades/gao3/report.html
results/quast_out/spades/gao4/report.html
results/quast_out/spades/gao5/report.html
