results/nonpareil_out/gao2/gao2.tmp
results/nonpareil_out/gao2/gao2.r1.npo
results/nonpareil_out/gao2/gao2.r2.npo
results/nonpareil_out/gao1/gao1.tmp
results/nonpareil_out/gao1/gao1.r1.npo
results/nonpareil_out/gao1/gao1.r2.npo
results/nonpareil_out/gao5/gao5.tmp
results/nonpareil_out/gao5/gao5.r1.npo
results/nonpareil_out/gao5/gao5.r2.npo
results/nonpareil_out/gao4/gao4.tmp
results/nonpareil_out/gao4/gao4.r1.npo
results/nonpareil_out/gao4/gao4.r2.npo
results/nonpareil_out/gao3/gao3.tmp
results/nonpareil_out/gao3/gao3.r1.npo
results/nonpareil_out/gao3/gao3.r2.npo
