results/quast_out/spades/gao5/report.html
results/spades_out/gao5/contigs.fasta
results/spades_out/gao5/scaffolds.fasta
results/spades_out/gao2/contigs.fasta
results/spades_out/gao2/scaffolds.fasta
results/quast_out/spades/gao2/report.html
results/spades_out/gao4/contigs.fasta
results/spades_out/gao4/scaffolds.fasta
results/quast_out/spades/gao4/report.html
results/spades_out/gao1/contigs.fasta
results/spades_out/gao1/scaffolds.fasta
results/quast_out/multiqc_report.html
results/quast_out/spades/gao1/report.html
results/quast_out/spades/gao3/report.html
results/spades_out/gao3/contigs.fasta
results/spades_out/gao3/scaffolds.fasta
